
Microsoft Visual Studio Solution File, Format Version 12.00
# Visual Studio 2013
VisualStudioVersion = 12.0.21005.1
MinimumVisualStudioVersion = 10.0.40219.1
Project("{FAE04EC0-301F-11D3-BF4B-00C04F79EFBC}") = "Practica", "Practica\Practica.csproj", "{47C6F418-1A11-4FF8-AC64-A46172341D79}"
EndProject
Project("{FAE04EC0-301F-11D3-BF4B-00C04F79EFBC}") = "Practica.Tests", "Practica.Tests\Practica.Tests.csproj", "{D4A37485-BE96-4F02-A7D3-7B8A3404CB03}"
EndProject
Project("{FAE04EC0-301F-11D3-BF4B-00C04F79EFBC}") = "pruebaServicioAmaguaOnline", "pruebaServicioAmaguaOnline\pruebaServicioAmaguaOnline.csproj", "{3F0ADC8F-1A44-40B3-B3D8-96D63DE0F620}"
EndProject
Global
	GlobalSection(SolutionConfigurationPlatforms) = preSolution
		Debug|Any CPU = Debug|Any CPU
		Release|Any CPU = Release|Any CPU
	EndGlobalSection
	GlobalSection(ProjectConfigurationPlatforms) = postSolution
		{47C6F418-1A11-4FF8-AC64-A46172341D79}.Debug|Any CPU.ActiveCfg = Debug|Any CPU
		{47C6F418-1A11-4FF8-AC64-A46172341D79}.Debug|Any CPU.Build.0 = Debug|Any CPU
		{47C6F418-1A11-4FF8-AC64-A46172341D79}.Release|Any CPU.ActiveCfg = Release|Any CPU
		{47C6F418-1A11-4FF8-AC64-A46172341D79}.Release|Any CPU.Build.0 = Release|Any CPU
		{D4A37485-BE96-4F02-A7D3-7B8A3404CB03}.Debug|Any CPU.ActiveCfg = Debug|Any CPU
		{D4A37485-BE96-4F02-A7D3-7B8A3404CB03}.Debug|Any CPU.Build.0 = Debug|Any CPU
		{D4A37485-BE96-4F02-A7D3-7B8A3404CB03}.Release|Any CPU.ActiveCfg = Release|Any CPU
		{D4A37485-BE96-4F02-A7D3-7B8A3404CB03}.Release|Any CPU.Build.0 = Release|Any CPU
		{3F0ADC8F-1A44-40B3-B3D8-96D63DE0F620}.Debug|Any CPU.ActiveCfg = Debug|Any CPU
		{3F0ADC8F-1A44-40B3-B3D8-96D63DE0F620}.Debug|Any CPU.Build.0 = Debug|Any CPU
		{3F0ADC8F-1A44-40B3-B3D8-96D63DE0F620}.Release|Any CPU.ActiveCfg = Release|Any CPU
		{3F0ADC8F-1A44-40B3-B3D8-96D63DE0F620}.Release|Any CPU.Build.0 = Release|Any CPU
	EndGlobalSection
	GlobalSection(SolutionProperties) = preSolution
		HideSolutionNode = FALSE
	EndGlobalSection
EndGlobal
